
Microsoft Visual Studio Solution File, Format Version 12.00
# Visual Studio Version 16
VisualStudioVersion = 16.0.29905.134
MinimumVisualStudioVersion = 10.0.40219.1
Project("{FAE04EC0-301F-11D3-BF4B-00C04F79EFBC}") = "EntitiesForMarketSepeti", "EntitiesForMarketSepeti\EntitiesForMarketSepeti.csproj", "{FCC7623C-AAC0-480F-AEBB-508CE6D51A80}"
EndProject
Project("{FAE04EC0-301F-11D3-BF4B-00C04F79EFBC}") = "DbContextForMarketSepeti", "DbContextForMarketSepeti\DbContextForMarketSepeti.csproj", "{06EB4FA0-90CF-441C-AEE3-54B8C6B393D3}"
EndProject
Project("{FAE04EC0-301F-11D3-BF4B-00C04F79EFBC}") = "MarketSepetiMvc", "MarketSepetiMvc\MarketSepetiMvc.csproj", "{17C049D9-F4BB-4EF4-B53E-436D6FC5ECA2}"
EndProject
Global
	GlobalSection(SolutionConfigurationPlatforms) = preSolution
		Debug|Any CPU = Debug|Any CPU
		Release|Any CPU = Release|Any CPU
	EndGlobalSection
	GlobalSection(ProjectConfigurationPlatforms) = postSolution
		{FCC7623C-AAC0-480F-AEBB-508CE6D51A80}.Debug|Any CPU.ActiveCfg = Debug|Any CPU
		{FCC7623C-AAC0-480F-AEBB-508CE6D51A80}.Debug|Any CPU.Build.0 = Debug|Any CPU
		{FCC7623C-AAC0-480F-AEBB-508CE6D51A80}.Release|Any CPU.ActiveCfg = Release|Any CPU
		{FCC7623C-AAC0-480F-AEBB-508CE6D51A80}.Release|Any CPU.Build.0 = Release|Any CPU
		{06EB4FA0-90CF-441C-AEE3-54B8C6B393D3}.Debug|Any CPU.ActiveCfg = Debug|Any CPU
		{06EB4FA0-90CF-441C-AEE3-54B8C6B393D3}.Debug|Any CPU.Build.0 = Debug|Any CPU
		{06EB4FA0-90CF-441C-AEE3-54B8C6B393D3}.Release|Any CPU.ActiveCfg = Release|Any CPU
		{06EB4FA0-90CF-441C-AEE3-54B8C6B393D3}.Release|Any CPU.Build.0 = Release|Any CPU
		{17C049D9-F4BB-4EF4-B53E-436D6FC5ECA2}.Debug|Any CPU.ActiveCfg = Debug|Any CPU
		{17C049D9-F4BB-4EF4-B53E-436D6FC5ECA2}.Debug|Any CPU.Build.0 = Debug|Any CPU
		{17C049D9-F4BB-4EF4-B53E-436D6FC5ECA2}.Release|Any CPU.ActiveCfg = Release|Any CPU
		{17C049D9-F4BB-4EF4-B53E-436D6FC5ECA2}.Release|Any CPU.Build.0 = Release|Any CPU
	EndGlobalSection
	GlobalSection(SolutionProperties) = preSolution
		HideSolutionNode = FALSE
	EndGlobalSection
	GlobalSection(ExtensibilityGlobals) = postSolution
		SolutionGuid = {591B239C-2C9C-4215-B181-1E839DDD90ED}
	EndGlobalSection
EndGlobal
